{
    "_meta": {
        "hash": {
            "sha256": "b9283e59b177219fbaad6728053a1766eb0a484b27ce18f6b583ef3d6cafb4cf"
        },
        "pipfile-spec": 6,
        "requires": {
            "python_version": "3.9"
        },
        "sources": [
            {
                "name": "pypi",
                "url": "https://pypi.org/simple",
                "verify_ssl": true
            }
        ]
    },
    "default": {
        "backcall": {
            "hashes": [
                "sha256:5cbdbf27be5e7cfadb448baf0aa95508f91f2bbc6c6437cd9cd06e2a4c215e1e",
                "sha256:fbbce6a29f263178a1f7915c1940bde0ec2b2a967566fe1c65c1dfb7422bd255"
            ],
            "version": "==0.2.0"
        },
        "cycler": {
            "hashes": [
                "sha256:3a27e95f763a428a739d2add979fa7494c912a32c17c4c38c4d5f082cad165a3",
                "sha256:9c87405839a19696e837b3b818fed3f5f69f16f1eec1a1ad77e043dcea9c772f"
            ],
            "markers": "python_version >= '3.6'",
            "version": "==0.11.0"
        },
        "decorator": {
            "hashes": [
                "sha256:637996211036b6385ef91435e4fae22989472f9d571faba8927ba8253acbc330",
                "sha256:b8c3f85900b9dc423225913c5aace94729fe1fa9763b38939a95226f02d37186"
            ],
            "markers": "python_version >= '3.5'",
            "version": "==5.1.1"
        },
        "fonttools": {
            "hashes": [
                "sha256:9a1c52488045cd6c6491fd07711a380f932466e317cb8e016fc4e99dc7eac2f0",
                "sha256:d73f25b283cd8033367451122aa868a23de0734757a01984e4b30b18b9050c72"
            ],
            "markers": "python_version >= '3.7'",
            "version": "==4.34.4"
        },
        "ipython": {
            "hashes": [
                "sha256:2097be5c814d1b974aea57673176a924c4c8c9583890e7a5f082f547b9975b11",
                "sha256:f16148f9163e1e526f1008d7c8d966d9c15600ca20d1a754287cf96d00ba6f1d"
            ],
            "index": "pypi",
            "version": "==7.28.0"
        },
        "jedi": {
            "hashes": [
                "sha256:637c9635fcf47945ceb91cd7f320234a7be540ded6f3e99a50cb6febdfd1ba8d",
                "sha256:74137626a64a99c8eb6ae5832d99b3bdd7d29a3850fe2aa80a4126b2a7d949ab"
            ],
            "markers": "python_version >= '3.6'",
            "version": "==0.18.1"
        },
        "kiwisolver": {
            "hashes": [
                "sha256:02f79693ec433cb4b5f51694e8477ae83b3205768a6fb48ffba60549080e295b",
                "sha256:03baab2d6b4a54ddbb43bba1a3a2d1627e82d205c5cf8f4c924dc49284b87166",
                "sha256:1041feb4cda8708ce73bb4dcb9ce1ccf49d553bf87c3954bdfa46f0c3f77252c",
                "sha256:10ee06759482c78bdb864f4109886dff7b8a56529bc1609d4f1112b93fe6423c",
                "sha256:1d1573129aa0fd901076e2bfb4275a35f5b7aa60fbfb984499d661ec950320b0",
                "sha256:2e407cb4bd5a13984a6c2c0fe1845e4e41e96f183e5e5cd4d77a857d9693494c",
                "sha256:2f5e60fabb7343a836360c4f0919b8cd0d6dbf08ad2ca6b9cf90bf0c76a3c4f6",
                "sha256:3fe20f63c9ecee44560d0e7f116b3a747a5d7203376abeea292ab3152334d004",
                "sha256:41dae968a94b1ef1897cb322b39360a0812661dba7c682aa45098eb8e193dbdf",
                "sha256:4ea39b0ccc4f5d803e3337dd46bcce60b702be4d86fd0b3d7531ef10fd99a1ac",
                "sha256:5bce61af018b0cb2055e0e72e7d65290d822d3feee430b7b8203d8a855e78766",
                "sha256:62ac9cc684da4cf1778d07a89bf5f81b35834cb96ca523d3a7fb32509380cbf6",
                "sha256:7577c1987baa3adc4b3c62c33bd1118c3ef5c8ddef36f0f2c950ae0b199e100d",
                "sha256:75facbe9606748f43428fc91a43edb46c7ff68889b91fa31f53b58894503a191",
                "sha256:787518a6789009c159453da4d6b683f468ef7a65bbde796bcea803ccf191058d",
                "sha256:7c43e1e1206cd421cd92e6b3280d4385d41d7166b3ed577ac20444b6995a445f",
                "sha256:841293b17ad704d70c578f1f0013c890e219952169ce8a24ebc063eecf775454",
                "sha256:8c808594c88a025d4e322d5bb549282c93c8e1ba71b790f539567932722d7bd8",
                "sha256:8ed58b8acf29798b036d347791141767ccf65eee7f26bde03a71c944449e53de",
                "sha256:91672bacaa030f92fc2f43b620d7b337fd9a5af28b0d6ed3f77afc43c4a64b5a",
                "sha256:968f44fdbf6dd757d12920d63b566eeb4d5b395fd2d00d29d7ef00a00582aac9",
                "sha256:a553dadda40fef6bfa1456dc4be49b113aa92c2a9a9e8711e955618cd69622e3",
                "sha256:a68b62a02953b9841730db7797422f983935aeefceb1679f0fc85cbfbd311c32",
                "sha256:abbe9fa13da955feb8202e215c4018f4bb57469b1b78c7a4c5c7b93001699938",
                "sha256:ad881edc7ccb9d65b0224f4e4d05a1e85cf62d73aab798943df6d48ab0cd79a1",
                "sha256:b428ef021242344340460fa4c9185d0b1f66fbdbfecc6c63eff4b7c29fad429d",
                "sha256:b533558eae785e33e8c148a8d9921692a9fe5aa516efbdff8606e7d87b9d5824",
                "sha256:ba59c92039ec0a66103b1d5fe588fa546373587a7d68f5c96f743c3396afc04b",
                "sha256:bc8d3bd6c72b2dd9decf16ce70e20abcb3274ba01b4e1c96031e0c4067d1e7cd",
                "sha256:c79ebe8f3676a4c6630fd3f777f3cfecf9289666c84e775a67d1d358578dc2e3",
                "sha256:c97528e64cb9ebeff9701e7938653a9951922f2a38bd847787d4a8e498cc83ae",
                "sha256:d0611a0a2a518464c05ddd5a3a1a0e856ccc10e67079bb17f265ad19ab3c7597",
                "sha256:d41997519fcba4a1e46eb4a2fe31bc12f0ff957b2b81bac28db24744f333e955",
                "sha256:da152d8cdcab0e56e4f45eb08b9aea6455845ec83172092f09b0e077ece2cf7a",
                "sha256:da7e547706e69e45d95e116e6939488d62174e033b763ab1496b4c29b76fabea",
                "sha256:db5283d90da4174865d520e7366801a93777201e91e79bacbac6e6927cbceede",
                "sha256:e92a513161077b53447160b9bd8f522edfbed4bd9759e4c18ab05d7ef7e49408",
                "sha256:ecb1fa0db7bf4cff9dac752abb19505a233c7f16684c5826d1f11ebd9472b871",
                "sha256:efda5fc8cc1c61e4f639b8067d118e742b812c930f708e6667a5ce0d13499e29",
                "sha256:f0a71d85ecdd570ded8ac3d1c0f480842f49a40beb423bb8014539a9f32a5897",
                "sha256:f4f270de01dd3e129a72efad823da90cc4d6aafb64c410c9033aba70db9f1ff0",
                "sha256:f8ad8285b01b0d4695102546b342b493b3ccc6781fc28c8c6a1bb63e95d22f09",
                "sha256:f9f39e2f049db33a908319cf46624a569b36983c7c78318e9726a4cb8923b26c"
            ],
            "markers": "python_version >= '3.7'",
            "version": "==1.4.4"
        },
        "matplotlib": {
            "hashes": [
                "sha256:03bbb3f5f78836855e127b5dab228d99551ad0642918ccbf3067fcd52ac7ac5e",
                "sha256:24173c23d1bcbaed5bf47b8785d27933a1ac26a5d772200a0f3e0e38f471b001",
                "sha256:2a0967d4156adbd0d46db06bc1a877f0370bce28d10206a5071f9ecd6dc60b79",
                "sha256:2e8bda1088b941ead50caabd682601bece983cadb2283cafff56e8fcddbf7d7f",
                "sha256:31fbc2af27ebb820763f077ec7adc79b5a031c2f3f7af446bd7909674cd59460",
                "sha256:364e6bca34edc10a96aa3b1d7cd76eb2eea19a4097198c1b19e89bee47ed5781",
                "sha256:3d8e129af95b156b41cb3be0d9a7512cc6d73e2b2109f82108f566dbabdbf377",
                "sha256:44c6436868186564450df8fd2fc20ed9daaef5caad699aa04069e87099f9b5a8",
                "sha256:48cf850ce14fa18067f2d9e0d646763681948487a8080ec0af2686468b4607a2",
                "sha256:49a5938ed6ef9dda560f26ea930a2baae11ea99e1c2080c8714341ecfda72a89",
                "sha256:4a05f2b37222319753a5d43c0a4fd97ed4ff15ab502113e3f2625c26728040cf",
                "sha256:4a44cdfdb9d1b2f18b1e7d315eb3843abb097869cd1ef89cfce6a488cd1b5182",
                "sha256:4fa28ca76ac5c2b2d54bc058b3dad8e22ee85d26d1ee1b116a6fd4d2277b6a04",
                "sha256:5844cea45d804174bf0fac219b4ab50774e504bef477fc10f8f730ce2d623441",
                "sha256:5a32ea6e12e80dedaca2d4795d9ed40f97bfa56e6011e14f31502fdd528b9c89",
                "sha256:6c623b355d605a81c661546af7f24414165a8a2022cddbe7380a31a4170fa2e9",
                "sha256:751d3815b555dcd6187ad35b21736dc12ce6925fc3fa363bbc6dc0f86f16484f",
                "sha256:75c406c527a3aa07638689586343f4b344fcc7ab1f79c396699eb550cd2b91f7",
                "sha256:77157be0fc4469cbfb901270c205e7d8adb3607af23cef8bd11419600647ceed",
                "sha256:7d7705022df2c42bb02937a2a824f4ec3cca915700dd80dc23916af47ff05f1a",
                "sha256:7f409716119fa39b03da3d9602bd9b41142fab7a0568758cd136cd80b1bf36c8",
                "sha256:9480842d5aadb6e754f0b8f4ebeb73065ac8be1855baa93cd082e46e770591e9",
                "sha256:9776e1a10636ee5f06ca8efe0122c6de57ffe7e8c843e0fb6e001e9d9256ec95",
                "sha256:a91426ae910819383d337ba0dc7971c7cefdaa38599868476d94389a329e599b",
                "sha256:b4fedaa5a9aa9ce14001541812849ed1713112651295fdddd640ea6620e6cf98",
                "sha256:b6c63cd01cad0ea8704f1fd586e9dc5777ccedcd42f63cbbaa3eae8dd41172a1",
                "sha256:b8d3f4e71e26307e8c120b72c16671d70c5cd08ae412355c11254aa8254fb87f",
                "sha256:c4b82c2ae6d305fcbeb0eb9c93df2602ebd2f174f6e8c8a5d92f9445baa0c1d3",
                "sha256:c772264631e5ae61f0bd41313bbe48e1b9bcc95b974033e1118c9caa1a84d5c6",
                "sha256:c87973ddec10812bddc6c286b88fdd654a666080fbe846a1f7a3b4ba7b11ab78",
                "sha256:e2b696699386766ef171a259d72b203a3c75d99d03ec383b97fc2054f52e15cf",
                "sha256:ea75df8e567743207e2b479ba3d8843537be1c146d4b1e3e395319a4e1a77fe9",
                "sha256:ebc27ad11df3c1661f4677a7762e57a8a91dd41b466c3605e90717c9a5f90c82",
                "sha256:ee0b8e586ac07f83bb2950717e66cb305e2859baf6f00a9c39cc576e0ce9629c",
                "sha256:ee175a571e692fc8ae8e41ac353c0e07259113f4cb063b0ec769eff9717e84bb"
            ],
            "markers": "python_version >= '3.7'",
            "version": "==3.5.2"
        },
        "matplotlib-inline": {
            "hashes": [
                "sha256:a04bfba22e0d1395479f866853ec1ee28eea1485c1d69a6faf00dc3e24ff34ee",
                "sha256:aed605ba3b72462d64d475a21a9296f400a19c4f74a31b59103d2a99ffd5aa5c"
            ],
            "markers": "python_version >= '3.5'",
            "version": "==0.1.3"
        },
        "numpy": {
            "hashes": [
                "sha256:0cfe07133fd00b27edee5e6385e333e9eeb010607e8a46e1cd673f05f8596595",
                "sha256:11a1f3816ea82eed4178102c56281782690ab5993251fdfd75039aad4d20385f",
                "sha256:2762331de395739c91f1abb88041f94a080cb1143aeec791b3b223976228af3f",
                "sha256:283d9de87c0133ef98f93dfc09fad3fb382f2a15580de75c02b5bb36a5a159a5",
                "sha256:3d22662b4b10112c545c91a0741f2436f8ca979ab3d69d03d19322aa970f9695",
                "sha256:41388e32e40b41dd56eb37fcaa7488b2b47b0adf77c66154d6b89622c110dfe9",
                "sha256:42c16cec1c8cf2728f1d539bd55aaa9d6bb48a7de2f41eb944697293ef65a559",
                "sha256:47ee7a839f5885bc0c63a74aabb91f6f40d7d7b639253768c4199b37aede7982",
                "sha256:5a311ee4d983c487a0ab546708edbdd759393a3dc9cd30305170149fedd23c88",
                "sha256:5dc65644f75a4c2970f21394ad8bea1a844104f0fe01f278631be1c7eae27226",
                "sha256:6ed0d073a9c54ac40c41a9c2d53fcc3d4d4ed607670b9e7b0de1ba13b4cbfe6f",
                "sha256:76ba7c40e80f9dc815c5e896330700fd6e20814e69da9c1267d65a4d051080f1",
                "sha256:818b9be7900e8dc23e013a92779135623476f44a0de58b40c32a15368c01d471",
                "sha256:a024181d7aef0004d76fb3bce2a4c9f2e67a609a9e2a6ff2571d30e9976aa383",
                "sha256:a955e4128ac36797aaffd49ab44ec74a71c11d6938df83b1285492d277db5397",
                "sha256:a97a954a8c2f046d3817c2bce16e3c7e9a9c2afffaf0400f5c16df5172a67c9c",
                "sha256:a97e82c39d9856fe7d4f9b86d8a1e66eff99cf3a8b7ba48202f659703d27c46f",
                "sha256:b55b953a1bdb465f4dc181758570d321db4ac23005f90ffd2b434cc6609a63dd",
                "sha256:bb02929b0d6bfab4c48a79bd805bd7419114606947ec8284476167415171f55b",
                "sha256:bece0a4a49e60e472a6d1f70ac6cdea00f9ab80ff01132f96bd970cdd8a9e5a9",
                "sha256:e41e8951749c4b5c9a2dc5fdbc1a4eec6ab2a140fdae9b460b0f557eed870f4d",
                "sha256:f71d57cc8645f14816ae249407d309be250ad8de93ef61d9709b45a0ddf4050c"
            ],
            "index": "pypi",
            "version": "==1.22.0"
        },
        "packaging": {
            "hashes": [
                "sha256:dd47c42927d89ab911e606518907cc2d3a1f38bbd026385970643f9c5b8ecfeb",
                "sha256:ef103e05f519cdc783ae24ea4e2e0f508a9c99b2d4969652eed6a2e1ea5bd522"
            ],
            "markers": "python_version >= '3.6'",
            "version": "==21.3"
        },
        "pandas": {
            "hashes": [
                "sha256:272c8cb14aa9793eada6b1ebe81994616e647b5892a370c7135efb2924b701df",
                "sha256:3334a5a9eeaca953b9db1b2b165dcdc5180b5011f3bec3a57a3580c9c22eae68",
                "sha256:37d63e78e87eb3791da7be4100a65da0383670c2b59e493d9e73098d7a879226",
                "sha256:3f5020613c1d8e304840c34aeb171377dc755521bf5e69804991030c2a48aec3",
                "sha256:45649503e167d45360aa7c52f18d1591a6d5c70d2f3a26bc90a3297a30ce9a66",
                "sha256:49fd2889d8116d7acef0709e4c82b8560a8b22b0f77471391d12c27596e90267",
                "sha256:4def2ef2fb7fcd62f2aa51bacb817ee9029e5c8efe42fe527ba21f6a3ddf1a9f",
                "sha256:53e2fb11f86f6253bb1df26e3aeab3bf2e000aaa32a953ec394571bec5dc6fd6",
                "sha256:629138b7cf81a2e55aa29ce7b04c1cece20485271d1f6c469c6a0c03857db6a4",
                "sha256:68408a39a54ebadb9014ee5a4fae27b2fe524317bc80adf56c9ac59e8f8ea431",
                "sha256:7326b37de08d42dd3fff5b7ef7691d0fd0bf2428f4ba5a2bdc3b3247e9a52e4c",
                "sha256:7557b39c8e86eb0543a17a002ac1ea0f38911c3c17095bc9350d0a65b32d801c",
                "sha256:86b16b1b920c4cb27fdd65a2c20258bcd9c794be491290660722bb0ea765054d",
                "sha256:a800df4e101b721e94d04c355e611863cc31887f24c0b019572e26518cbbcab6",
                "sha256:a9f1b54d7efc9df05320b14a48fb18686f781aa66cc7b47bb62fabfc67a0985c",
                "sha256:c399200631db9bd9335d013ec7fce4edb98651035c249d532945c78ad453f23a",
                "sha256:e574c2637c9d27f322e911650b36e858c885702c5996eda8a5a60e35e6648cf2",
                "sha256:e9bc59855598cb57f68fdabd4897d3ed2bc3a3b3bef7b868a0153c4cd03f3207",
                "sha256:ebbed7312547a924df0cbe133ff1250eeb94cdff3c09a794dc991c5621c8c735",
                "sha256:ed2f29b4da6f6ae7c68f4b3708d9d9e59fa89b2f9e87c2b64ce055cbd39f729e",
                "sha256:f7d84f321674c2f0f31887ee6d5755c54ca1ea5e144d6d54b3bbf566dd9ea0cc"
            ],
            "index": "pypi",
            "version": "==1.3.3"
        },
        "parso": {
            "hashes": [
                "sha256:8c07be290bb59f03588915921e29e8a50002acaf2cdc5fa0e0114f91709fafa0",
                "sha256:c001d4636cd3aecdaf33cbb40aebb59b094be2a74c556778ef5576c175e19e75"
            ],
            "markers": "python_version >= '3.6'",
            "version": "==0.8.3"
        },
        "patsy": {
            "hashes": [
                "sha256:5053de7804676aba62783dbb0f23a2b3d74e35e5bfa238b88b7cbf148a38b69d",
                "sha256:cc80955ae8c13a7e7c4051eda7b277c8f909f50bc7d73e124bc38e2ee3d95041"
            ],
            "version": "==0.5.2"
        },
        "pexpect": {
            "hashes": [
                "sha256:0b48a55dcb3c05f3329815901ea4fc1537514d6ba867a152b581d69ae3710937",
                "sha256:fc65a43959d153d0114afe13997d439c22823a27cefceb5ff35c2178c6784c0c"
            ],
            "markers": "sys_platform != 'win32'",
            "version": "==4.8.0"
        },
        "pickleshare": {
            "hashes": [
                "sha256:87683d47965c1da65cdacaf31c8441d12b8044cdec9aca500cd78fc2c683afca",
                "sha256:9649af414d74d4df115d5d718f82acb59c9d418196b7b4290ed47a12ce62df56"
            ],
            "version": "==0.7.5"
        },
        "pillow": {
            "hashes": [
                "sha256:0030fdbd926fb85844b8b92e2f9449ba89607231d3dd597a21ae72dc7fe26927",
                "sha256:030e3460861488e249731c3e7ab59b07c7853838ff3b8e16aac9561bb345da14",
                "sha256:0ed2c4ef2451de908c90436d6e8092e13a43992f1860275b4d8082667fbb2ffc",
                "sha256:136659638f61a251e8ed3b331fc6ccd124590eeff539de57c5f80ef3a9594e58",
                "sha256:13b725463f32df1bfeacbf3dd197fb358ae8ebcd8c5548faa75126ea425ccb60",
                "sha256:1536ad017a9f789430fb6b8be8bf99d2f214c76502becc196c6f2d9a75b01b76",
                "sha256:15928f824870535c85dbf949c09d6ae7d3d6ac2d6efec80f3227f73eefba741c",
                "sha256:17d4cafe22f050b46d983b71c707162d63d796a1235cdf8b9d7a112e97b15bac",
                "sha256:1802f34298f5ba11d55e5bb09c31997dc0c6aed919658dfdf0198a2fe75d5490",
                "sha256:1cc1d2451e8a3b4bfdb9caf745b58e6c7a77d2e469159b0d527a4554d73694d1",
                "sha256:1fd6f5e3c0e4697fa7eb45b6e93996299f3feee73a3175fa451f49a74d092b9f",
                "sha256:254164c57bab4b459f14c64e93df11eff5ded575192c294a0c49270f22c5d93d",
                "sha256:2ad0d4df0f5ef2247e27fc790d5c9b5a0af8ade9ba340db4a73bb1a4a3e5fb4f",
                "sha256:2c58b24e3a63efd22554c676d81b0e57f80e0a7d3a5874a7e14ce90ec40d3069",
                "sha256:2d33a11f601213dcd5718109c09a52c2a1c893e7461f0be2d6febc2879ec2402",
                "sha256:337a74fd2f291c607d220c793a8135273c4c2ab001b03e601c36766005f36885",
                "sha256:37ff6b522a26d0538b753f0b4e8e164fdada12db6c6f00f62145d732d8a3152e",
                "sha256:3d1f14f5f691f55e1b47f824ca4fdcb4b19b4323fe43cc7bb105988cad7496be",
                "sha256:408673ed75594933714482501fe97e055a42996087eeca7e5d06e33218d05aa8",
                "sha256:4134d3f1ba5f15027ff5c04296f13328fecd46921424084516bdb1b2548e66ff",
                "sha256:4ad2f835e0ad81d1689f1b7e3fbac7b01bb8777d5a985c8962bedee0cc6d43da",
                "sha256:50dff9cc21826d2977ef2d2a205504034e3a4563ca6f5db739b0d1026658e004",
                "sha256:510cef4a3f401c246cfd8227b300828715dd055463cdca6176c2e4036df8bd4f",
                "sha256:5aed7dde98403cd91d86a1115c78d8145c83078e864c1de1064f52e6feb61b20",
                "sha256:69bd1a15d7ba3694631e00df8de65a8cb031911ca11f44929c97fe05eb9b6c1d",
                "sha256:6bf088c1ce160f50ea40764f825ec9b72ed9da25346216b91361eef8ad1b8f8c",
                "sha256:6e8c66f70fb539301e064f6478d7453e820d8a2c631da948a23384865cd95544",
                "sha256:727dd1389bc5cb9827cbd1f9d40d2c2a1a0c9b32dd2261db522d22a604a6eec9",
                "sha256:74a04183e6e64930b667d321524e3c5361094bb4af9083db5c301db64cd341f3",
                "sha256:75e636fd3e0fb872693f23ccb8a5ff2cd578801251f3a4f6854c6a5d437d3c04",
                "sha256:7761afe0126d046974a01e030ae7529ed0ca6a196de3ec6937c11df0df1bc91c",
                "sha256:7888310f6214f19ab2b6df90f3f06afa3df7ef7355fc025e78a3044737fab1f5",
                "sha256:7b0554af24df2bf96618dac71ddada02420f946be943b181108cac55a7a2dcd4",
                "sha256:7c7b502bc34f6e32ba022b4a209638f9e097d7a9098104ae420eb8186217ebbb",
                "sha256:808add66ea764ed97d44dda1ac4f2cfec4c1867d9efb16a33d158be79f32b8a4",
                "sha256:831e648102c82f152e14c1a0938689dbb22480c548c8d4b8b248b3e50967b88c",
                "sha256:93689632949aff41199090eff5474f3990b6823404e45d66a5d44304e9cdc467",
                "sha256:96b5e6874431df16aee0c1ba237574cb6dff1dcb173798faa6a9d8b399a05d0e",
                "sha256:9a54614049a18a2d6fe156e68e188da02a046a4a93cf24f373bffd977e943421",
                "sha256:a138441e95562b3c078746a22f8fca8ff1c22c014f856278bdbdd89ca36cff1b",
                "sha256:a647c0d4478b995c5e54615a2e5360ccedd2f85e70ab57fbe817ca613d5e63b8",
                "sha256:a9c9bc489f8ab30906d7a85afac4b4944a572a7432e00698a7239f44a44e6efb",
                "sha256:ad2277b185ebce47a63f4dc6302e30f05762b688f8dc3de55dbae4651872cdf3",
                "sha256:b6d5e92df2b77665e07ddb2e4dbd6d644b78e4c0d2e9272a852627cdba0d75cf",
                "sha256:bc431b065722a5ad1dfb4df354fb9333b7a582a5ee39a90e6ffff688d72f27a1",
                "sha256:bdd0de2d64688ecae88dd8935012c4a72681e5df632af903a1dca8c5e7aa871a",
                "sha256:c79698d4cd9318d9481d89a77e2d3fcaeff5486be641e60a4b49f3d2ecca4e28",
                "sha256:cb6259196a589123d755380b65127ddc60f4c64b21fc3bb46ce3a6ea663659b0",
                "sha256:d5b87da55a08acb586bad5c3aa3b86505f559b84f39035b233d5bf844b0834b1",
                "sha256:dcd7b9c7139dc8258d164b55696ecd16c04607f1cc33ba7af86613881ffe4ac8",
                "sha256:dfe4c1fedfde4e2fbc009d5ad420647f7730d719786388b7de0999bf32c0d9fd",
                "sha256:ea98f633d45f7e815db648fd7ff0f19e328302ac36427343e4432c84432e7ff4",
                "sha256:ec52c351b35ca269cb1f8069d610fc45c5bd38c3e91f9ab4cbbf0aebc136d9c8",
                "sha256:eef7592281f7c174d3d6cbfbb7ee5984a671fcd77e3fc78e973d492e9bf0eb3f",
                "sha256:f07f1f00e22b231dd3d9b9208692042e29792d6bd4f6639415d2f23158a80013",
                "sha256:f3fac744f9b540148fa7715a435d2283b71f68bfb6d4aae24482a890aed18b59",
                "sha256:fa768eff5f9f958270b081bb33581b4b569faabf8774726b283edb06617101dc",
                "sha256:fac2d65901fb0fdf20363fbd345c01958a742f2dc62a8dd4495af66e3ff502a4"
            ],
            "markers": "python_version >= '3.7'",
            "version": "==9.2.0"
        },
        "prompt-toolkit": {
            "hashes": [
                "sha256:859b283c50bde45f5f97829f77a4674d1c1fcd88539364f1b28a37805cfd89c0",
                "sha256:d8916d3f62a7b67ab353a952ce4ced6a1d2587dfe9ef8ebc30dd7c386751f289"
            ],
            "markers": "python_full_version >= '3.6.2'",
            "version": "==3.0.30"
        },
        "ptyprocess": {
            "hashes": [
                "sha256:4b41f3967fce3af57cc7e94b888626c18bf37a083e3651ca8feeb66d492fef35",
                "sha256:5c5d0a3b48ceee0b48485e0c26037c0acd7d29765ca3fbb5cb3831d347423220"
            ],
            "version": "==0.7.0"
        },
        "pygments": {
            "hashes": [
                "sha256:5eb116118f9612ff1ee89ac96437bb6b49e8f04d8a13b514ba26f620208e26eb",
                "sha256:dc9c10fb40944260f6ed4c688ece0cd2048414940f1cea51b8b226318411c519"
            ],
            "markers": "python_version >= '3.6'",
            "version": "==2.12.0"
        },
        "pyparsing": {
            "hashes": [
                "sha256:2b020ecf7d21b687f219b71ecad3631f644a47f01403fa1d1036b0c6416d70fb",
                "sha256:5026bae9a10eeaefb61dab2f09052b9f4307d44aee4eda64b309723d8d206bbc"
            ],
            "markers": "python_full_version >= '3.6.8'",
            "version": "==3.0.9"
        },
        "python-dateutil": {
            "hashes": [
                "sha256:0123cacc1627ae19ddf3c27a5de5bd67ee4586fbdd6440d9748f8abb483d3e86",
                "sha256:961d03dc3453ebbc59dbdea9e4e11c5651520a876d0f4db161e8674aae935da9"
            ],
            "markers": "python_version >= '2.7' and python_version not in '3.0, 3.1, 3.2, 3.3'",
            "version": "==2.8.2"
        },
        "pytz": {
            "hashes": [
                "sha256:1e760e2fe6a8163bc0b3d9a19c4f84342afa0a2affebfaa84b01b978a02ecaa7",
                "sha256:e68985985296d9a66a881eb3193b0906246245294a881e7c8afe623866ac6a5c"
            ],
            "version": "==2022.1"
        },
        "scipy": {
            "hashes": [
                "sha256:02b567e722d62bddd4ac253dafb01ce7ed8742cf8031aea030a41414b86c1125",
                "sha256:1166514aa3bbf04cb5941027c6e294a000bba0cf00f5cdac6c77f2dad479b434",
                "sha256:1da52b45ce1a24a4a22db6c157c38b39885a990a566748fc904ec9f03ed8c6ba",
                "sha256:23b22fbeef3807966ea42d8163322366dd89da9bebdc075da7034cee3a1441ca",
                "sha256:28d2cab0c6ac5aa131cc5071a3a1d8e1366dad82288d9ec2ca44df78fb50e649",
                "sha256:2ef0fbc8bcf102c1998c1f16f15befe7cffba90895d6e84861cd6c6a33fb54f6",
                "sha256:3b69b90c9419884efeffaac2c38376d6ef566e6e730a231e15722b0ab58f0328",
                "sha256:4b93ec6f4c3c4d041b26b5f179a6aab8f5045423117ae7a45ba9710301d7e462",
                "sha256:4e53a55f6a4f22de01ffe1d2f016e30adedb67a699a310cdcac312806807ca81",
                "sha256:6311e3ae9cc75f77c33076cb2794fb0606f14c8f1b1c9ff8ce6005ba2c283621",
                "sha256:65b77f20202599c51eb2771d11a6b899b97989159b7975e9b5259594f1d35ef4",
                "sha256:6cc6b33139eb63f30725d5f7fa175763dc2df6a8f38ddf8df971f7c345b652dc",
                "sha256:70de2f11bf64ca9921fda018864c78af7147025e467ce9f4a11bc877266900a6",
                "sha256:70ebc84134cf0c504ce6a5f12d6db92cb2a8a53a49437a6bb4edca0bc101f11c",
                "sha256:83606129247e7610b58d0e1e93d2c5133959e9cf93555d3c27e536892f1ba1f2",
                "sha256:93d07494a8900d55492401917a119948ed330b8c3f1d700e0b904a578f10ead4",
                "sha256:9c4e3ae8a716c8b3151e16c05edb1daf4cb4d866caa385e861556aff41300c14",
                "sha256:9dd4012ac599a1e7eb63c114d1eee1bcfc6dc75a29b589ff0ad0bb3d9412034f",
                "sha256:9e3fb1b0e896f14a85aa9a28d5f755daaeeb54c897b746df7a55ccb02b340f33",
                "sha256:a0aa8220b89b2e3748a2836fbfa116194378910f1a6e78e4675a095bcd2c762d",
                "sha256:d3b3c8924252caaffc54d4a99f1360aeec001e61267595561089f8b5900821bb",
                "sha256:e013aed00ed776d790be4cb32826adb72799c61e318676172495383ba4570aa4",
                "sha256:f3e7a8867f307e3359cc0ed2c63b61a1e33a19080f92fe377bc7d49f646f2ec1"
            ],
            "markers": "python_version < '3.11' and python_version >= '3.8'",
            "version": "==1.8.1"
        },
        "seaborn": {
            "hashes": [
                "sha256:85a6baa9b55f81a0623abddc4a26b334653ff4c6b18c418361de19dbba0ef283",
                "sha256:cf45e9286d40826864be0e3c066f98536982baf701a7caa386511792d61ff4f6"
            ],
            "index": "pypi",
            "version": "==0.11.2"
        },
        "setuptools": {
            "hashes": [
                "sha256:0d33c374d41c7863419fc8f6c10bfe25b7b498aa34164d135c622e52580c6b16",
                "sha256:c04b44a57a6265fe34a4a444e965884716d34bae963119a76353434d6f18e450"
            ],
            "markers": "python_version >= '3.7'",
            "version": "==63.2.0"
        },
        "six": {
            "hashes": [
                "sha256:1e61c37477a1626458e36f7b1d82aa5c9b094fa4802892072e49de9c60c4c926",
                "sha256:8abb2f1d86890a2dfb989f9a77cfcfd3e47c2a354b01111771326f8aa26e0254"
            ],
            "markers": "python_version >= '2.7' and python_version not in '3.0, 3.1, 3.2, 3.3'",
            "version": "==1.16.0"
        },
        "statsmodels": {
            "hashes": [
                "sha256:0cd0448d1f75048b74fc6ff80f0bc912512beba1cc2ebc77e71b3ffbacc3fdba",
                "sha256:2643cf99271c1dc9d61e6badb5d1f670e7bb2d0bc6aafd731b0e348a3aa78f63",
                "sha256:379b0116bc134a53e13d0fa0d12c7a06acca85c45502a2907d23c516e8252228",
                "sha256:3caf03a024987bb19ec198bb1bb67ab89bc8195e959a039e6f86050440085b1a",
                "sha256:4ac2fe813c7e2cdd7f1b3a7e53494c70939c06970d475f11c5a1faae91efac48",
                "sha256:5de8c18e8cc64f1e582fdbce1a385c84dc0c60a717a2d54fec9407a6585e42ea",
                "sha256:62e26636be704ac6601dea7ce44c5315a2f3a41862fc0ae6ee09b891098a8bab",
                "sha256:73cd86493329dabf2961db48f64ecf9fe7bb019521eca7640c561c805eb22eeb",
                "sha256:823710d235f00b31785c845d595c14a9cae00d6f4dda9d4a916f1b0fec699397",
                "sha256:905bfcedcada6e854f36b70e16e8982e0905268d0317d6a2309f0bf61f602483",
                "sha256:9fd7fed6e6f810bf0097737af9233c69019e6ef17f1ef469a0cb4c4ea451e8b2",
                "sha256:b29ab5b4f5f182afbf8c6e3889cfcd438887fdb59e2d5452d99c7154e8af3926",
                "sha256:b477063321088a92ff1e885f92d7f19b007026263d1af8779ba5c2a5d1b8ca3e",
                "sha256:ea512ccd29f61c8bfdf8b8ba18bfda179371922f7f9f4c0bb0b8e694944271b0",
                "sha256:f2efc02011b7240a9e851acd76ab81150a07d35c97021cb0517887539a328f8a"
            ],
            "index": "pypi",
            "version": "==0.13.0"
        },
        "tqdm": {
            "hashes": [
                "sha256:8dd278a422499cd6b727e6ae4061c40b48fce8b76d1ccbf5d34fca9b7f925b0c",
                "sha256:d359de7217506c9851b7869f3708d8ee53ed70a1b8edbba4dbcb47442592920d"
            ],
            "index": "pypi",
            "version": "==4.62.3"
        },
        "traitlets": {
            "hashes": [
                "sha256:0bb9f1f9f017aa8ec187d8b1b2a7a6626a2a1d877116baba52a129bfa124f8e2",
                "sha256:65fa18961659635933100db8ca120ef6220555286949774b9cfc106f941d1c7a"
            ],
            "markers": "python_version >= '3.7'",
            "version": "==5.3.0"
        },
        "wcwidth": {
            "hashes": [
                "sha256:beb4802a9cebb9144e99086eff703a642a13d6a0052920003a230f3294bbe784",
                "sha256:c4d647b99872929fdb7bdcaa4fbe7f01413ed3d98077df798530e5b04f116c83"
            ],
            "version": "==0.2.5"
        }
    },
    "develop": {}
}
